
Microsoft Visual Studio Solution File, Format Version 12.00
# Visual Studio Version 17
VisualStudioVersion = 17.5.002.0
MinimumVisualStudioVersion = 10.0.40219.1
Project("{9A19103F-16F7-4668-BE54-9A1E7A4F7556}") = "ang", "ang.csproj", "{8B0AF461-A139-490A-8A2F-F210138CD905}"
EndProject
Global
	GlobalSection(SolutionConfigurationPlatforms) = preSolution
		Debug|Any CPU = Debug|Any CPU
		Release|Any CPU = Release|Any CPU
	EndGlobalSection
	GlobalSection(ProjectConfigurationPlatforms) = postSolution
		{8B0AF461-A139-490A-8A2F-F210138CD905}.Debug|Any CPU.ActiveCfg = Debug|Any CPU
		{8B0AF461-A139-490A-8A2F-F210138CD905}.Debug|Any CPU.Build.0 = Debug|Any CPU
		{8B0AF461-A139-490A-8A2F-F210138CD905}.Release|Any CPU.ActiveCfg = Release|Any CPU
		{8B0AF461-A139-490A-8A2F-F210138CD905}.Release|Any CPU.Build.0 = Release|Any CPU
	EndGlobalSection
	GlobalSection(SolutionProperties) = preSolution
		HideSolutionNode = FALSE
	EndGlobalSection
	GlobalSection(ExtensibilityGlobals) = postSolution
		SolutionGuid = {C8E6805B-B806-4813-8EC2-3A9494F95370}
	EndGlobalSection
EndGlobal
